# THIS IS AN AUTOGENERATED FILE. DO NOT EDIT THIS FILE DIRECTLY.
# yarn lockfile v1


"@esbuild-kit/cjs-loader@^2.4.2":
  "integrity" "sha512-BDXFbYOJzT/NBEtp71cvsrGPwGAMGRB/349rwKuoxNSiKjPraNNnlK6MIIabViCjqZugu6j+xeMDlEkWdHHJSg=="
  "resolved" "https://registry.npmjs.org/@esbuild-kit/cjs-loader/-/cjs-loader-2.4.2.tgz"
  "version" "2.4.2"
  dependencies:
    "@esbuild-kit/core-utils" "^3.0.0"
    "get-tsconfig" "^4.4.0"

"@esbuild-kit/core-utils@^3.0.0":
  "integrity" "sha512-Uuk8RpCg/7fdHSceR1M6XbSZFSuMrxcePFuGgyvsBn+u339dk5OeL4jv2EojwTN2st/unJGsVm4qHWjWNmJ/tw=="
  "resolved" "https://registry.npmjs.org/@esbuild-kit/core-utils/-/core-utils-3.1.0.tgz"
  "version" "3.1.0"
  dependencies:
    "esbuild" "~0.17.6"
    "source-map-support" "^0.5.21"

"@esbuild-kit/esm-loader@^2.5.5":
  "integrity" "sha512-Qwfvj/qoPbClxCRNuac1Du01r9gvNOT+pMYtJDapfB1eoGN1YlJ1BixLyL9WVENRx5RXgNLdfYdx/CuswlGhMw=="
  "resolved" "https://registry.npmjs.org/@esbuild-kit/esm-loader/-/esm-loader-2.5.5.tgz"
  "version" "2.5.5"
  dependencies:
    "@esbuild-kit/core-utils" "^3.0.0"
    "get-tsconfig" "^4.4.0"

"@esbuild/darwin-arm64@0.17.18":
  "integrity" "sha512-6tY+djEAdF48M1ONWnQb1C+6LiXrKjmqjzPNPWXhu/GzOHTHX2nh8Mo2ZAmBFg0kIodHhciEgUBtcYCAIjGbjQ=="
  "resolved" "https://registry.npmjs.org/@esbuild/darwin-arm64/-/darwin-arm64-0.17.18.tgz"
  "version" "0.17.18"

"@jridgewell/gen-mapping@^0.3.2":
  "integrity" "sha512-HLhSWOLRi875zjjMG/r+Nv0oCW8umGb0BgEhyX3dDX3egwZtB8PqLnjz3yedt8R5StBrzcg4aBpnh8UA9D1BoQ=="
  "resolved" "https://registry.npmjs.org/@jridgewell/gen-mapping/-/gen-mapping-0.3.3.tgz"
  "version" "0.3.3"
  dependencies:
    "@jridgewell/set-array" "^1.0.1"
    "@jridgewell/sourcemap-codec" "^1.4.10"
    "@jridgewell/trace-mapping" "^0.3.9"

"@jridgewell/resolve-uri@3.1.0":
  "integrity" "sha512-F2msla3tad+Mfht5cJq7LSXcdudKTWCVYUgw6pLFOOHSTtZlj6SWNYAp+AhuqLmWdBO2X5hPrLcu8cVP8fy28w=="
  "resolved" "https://registry.npmjs.org/@jridgewell/resolve-uri/-/resolve-uri-3.1.0.tgz"
  "version" "3.1.0"

"@jridgewell/set-array@^1.0.1":
  "integrity" "sha512-xnkseuNADM0gt2bs+BvhO0p78Mk762YnZdsuzFV018NoG1Sj1SCQvpSqa7XUaTam5vAGasABV9qXASMKnFMwMw=="
  "resolved" "https://registry.npmjs.org/@jridgewell/set-array/-/set-array-1.1.2.tgz"
  "version" "1.1.2"

"@jridgewell/sourcemap-codec@^1.4.10":
  "integrity" "sha512-eF2rxCRulEKXHTRiDrDy6erMYWqNw4LPdQ8UQA4huuxaQsVeRPFl2oM8oDGxMFhJUWZf9McpLtJasDDZb/Bpeg=="
  "resolved" "https://registry.npmjs.org/@jridgewell/sourcemap-codec/-/sourcemap-codec-1.4.15.tgz"
  "version" "1.4.15"

"@jridgewell/sourcemap-codec@1.4.14":
  "integrity" "sha512-XPSJHWmi394fuUuzDnGz1wiKqWfo1yXecHQMRf2l6hztTO+nPru658AyDngaBe7isIxEkRsPR3FZh+s7iVa4Uw=="
  "resolved" "https://registry.npmjs.org/@jridgewell/sourcemap-codec/-/sourcemap-codec-1.4.14.tgz"
  "version" "1.4.14"

"@jridgewell/trace-mapping@^0.3.9":
  "integrity" "sha512-w+niJYzMHdd7USdiH2U6869nqhD2nbfZXND5Yp93qIbEmnDNk7PD48o+YchRVpzMU7M6jVCbenTR7PA1FLQ9pA=="
  "resolved" "https://registry.npmjs.org/@jridgewell/trace-mapping/-/trace-mapping-0.3.18.tgz"
  "version" "0.3.18"
  dependencies:
    "@jridgewell/resolve-uri" "3.1.0"
    "@jridgewell/sourcemap-codec" "1.4.14"

"@nodelib/fs.scandir@2.1.5":
  "integrity" "sha512-vq24Bq3ym5HEQm2NKCr3yXDwjc7vTsEThRDnkp2DK9p1uqLR+DHurm/NOTo0KG7HYHU7eppKZj3MyqYuMBf62g=="
  "resolved" "https://registry.npmjs.org/@nodelib/fs.scandir/-/fs.scandir-2.1.5.tgz"
  "version" "2.1.5"
  dependencies:
    "@nodelib/fs.stat" "2.0.5"
    "run-parallel" "^1.1.9"

"@nodelib/fs.stat@^2.0.2", "@nodelib/fs.stat@2.0.5":
  "integrity" "sha512-RkhPPp2zrqDAQA/2jNhnztcPAlv64XdhIp7a7454A5ovI7Bukxgt7MX7udwAu3zg1DcpPU0rz3VV1SeaqvY4+A=="
  "resolved" "https://registry.npmjs.org/@nodelib/fs.stat/-/fs.stat-2.0.5.tgz"
  "version" "2.0.5"

"@nodelib/fs.walk@^1.2.3":
  "integrity" "sha512-oGB+UxlgWcgQkgwo8GcEGwemoTFt3FIO9ababBmaGwXIoBKZ+GTy0pP185beGg7Llih/NSHSV2XAs1lnznocSg=="
  "resolved" "https://registry.npmjs.org/@nodelib/fs.walk/-/fs.walk-1.2.8.tgz"
  "version" "1.2.8"
  dependencies:
    "@nodelib/fs.scandir" "2.1.5"
    "fastq" "^1.6.0"

"@types/node@^18.15.13":
  "integrity" "sha512-BsAaKhB+7X+H4GnSjGhJG9Qi8Tw+inU9nJDwmD5CgOmBLEI6ArdhikpLX7DjbjDRDTbqZzU2LSQNZg8WGPiSZQ=="
  "resolved" "https://registry.npmjs.org/@types/node/-/node-18.16.0.tgz"
  "version" "18.16.0"

"ansi-regex@^6.0.1":
  "integrity" "sha512-n5M855fKb2SsfMIiFFoVrABHJC8QtHwVx+mHWP3QcEqBHYienj5dHSgjbxtC0WEZXYt4wcD6zrQElDPhFuZgfA=="
  "resolved" "https://registry.npmjs.org/ansi-regex/-/ansi-regex-6.0.1.tgz"
  "version" "6.0.1"

"any-promise@^1.0.0":
  "integrity" "sha512-7UvmKalWRt1wgjL1RrGxoSJW/0QZFIegpeGvZG9kjp8vrRu55XTHbwnqq2GpXm9uLbcuhxm3IqX9OB4MZR1b2A=="
  "resolved" "https://registry.npmjs.org/any-promise/-/any-promise-1.3.0.tgz"
  "version" "1.3.0"

"anymatch@~3.1.2":
  "integrity" "sha512-KMReFUr0B4t+D+OBkjR3KYqvocp2XaSzO55UcB6mgQMd3KbcE+mWTyvVV7D/zsdEbNnV6acZUutkiHQXvTr1Rw=="
  "resolved" "https://registry.npmjs.org/anymatch/-/anymatch-3.1.3.tgz"
  "version" "3.1.3"
  dependencies:
    "normalize-path" "^3.0.0"
    "picomatch" "^2.0.4"

"arch@^2.2.0":
  "integrity" "sha512-Of/R0wqp83cgHozfIYLbBMnej79U/SVGOOyuB3VVFv1NRM/PSFMK12x9KVtiYzJqmnU5WR2qp0Z5rHb7sWGnFQ=="
  "resolved" "https://registry.npmjs.org/arch/-/arch-2.2.0.tgz"
  "version" "2.2.0"

"array-union@^2.1.0":
  "integrity" "sha512-HGyxoOTYUyCM6stUe6EJgnd4EoewAI7zMdfqO+kGjnlZmBDz/cR5pf8r/cR4Wq60sL/p0IkcjUEEPwS3GFrIyw=="
  "resolved" "https://registry.npmjs.org/array-union/-/array-union-2.1.0.tgz"
  "version" "2.1.0"

"asynckit@^0.4.0":
  "integrity" "sha512-Oei9OH4tRh0YqU3GxhX79dM/mwVgvbZJaSNaRk+bshkj0S5cfHcgYakreBjrHwatXKbz+IoIdYLxrKim2MjW0Q=="
  "resolved" "https://registry.npmjs.org/asynckit/-/asynckit-0.4.0.tgz"
  "version" "0.4.0"

"axios@^0.26.0":
  "integrity" "sha512-fPwcX4EvnSHuInCMItEhAGnaSEXRBjtzh9fOtsE6E1G6p7vl7edEeZe11QHf18+6+9gR5PbKV/sGKNaD8YaMeA=="
  "resolved" "https://registry.npmjs.org/axios/-/axios-0.26.1.tgz"
  "version" "0.26.1"
  dependencies:
    "follow-redirects" "^1.14.8"

"axios@^1.3.6":
  "integrity" "sha512-PEcdkk7JcdPiMDkvM4K6ZBRYq9keuVJsToxm2zQIM70Qqo2WHTdJZMXcG9X+RmRp2VPNUQC8W1RAGbgt6b1yMg=="
  "resolved" "https://registry.npmjs.org/axios/-/axios-1.3.6.tgz"
  "version" "1.3.6"
  dependencies:
    "follow-redirects" "^1.15.0"
    "form-data" "^4.0.0"
    "proxy-from-env" "^1.1.0"

"balanced-match@^1.0.0":
  "integrity" "sha512-3oSeUO0TMV67hN1AmbXsK4yaqU7tjiHlbxRDZOpH0KW9+CeX4bRAaX0Anxt0tx2MrpRpWwQaPwIlISEJhYU5Pw=="
  "resolved" "https://registry.npmjs.org/balanced-match/-/balanced-match-1.0.2.tgz"
  "version" "1.0.2"

"base64-js@^1.3.1":
  "integrity" "sha512-AKpaYlHn8t4SVbOHCy+b5+KKgvR4vrsD8vbvrbiQJps7fKDTkjkDry6ji0rUJjC0kzbNePLwzxq8iypo41qeWA=="
  "resolved" "https://registry.npmjs.org/base64-js/-/base64-js-1.5.1.tgz"
  "version" "1.5.1"

"binary-extensions@^2.0.0":
  "integrity" "sha512-jDctJ/IVQbZoJykoeHbhXpOlNBqGNcwXJKJog42E5HDPUwQTSdjCHdihjj0DlnheQ7blbT6dHOafNAiS8ooQKA=="
  "resolved" "https://registry.npmjs.org/binary-extensions/-/binary-extensions-2.2.0.tgz"
  "version" "2.2.0"

"bl@^5.0.0":
  "integrity" "sha512-tv1ZJHLfTDnXE6tMHv73YgSJaWR2AFuPwMntBe7XL/GBFHnT0CLnsHMogfk5+GzCDC5ZWarSCYaIGATZt9dNsQ=="
  "resolved" "https://registry.npmjs.org/bl/-/bl-5.1.0.tgz"
  "version" "5.1.0"
  dependencies:
    "buffer" "^6.0.3"
    "inherits" "^2.0.4"
    "readable-stream" "^3.4.0"

"brace-expansion@^1.1.7":
  "integrity" "sha512-iCuPHDFgrHX7H2vEI/5xpz07zSHB00TpugqhmYtVmMO6518mCuRMoOYFldEBl0g187ufozdaHgWKcYFb61qGiA=="
  "resolved" "https://registry.npmjs.org/brace-expansion/-/brace-expansion-1.1.11.tgz"
  "version" "1.1.11"
  dependencies:
    "balanced-match" "^1.0.0"
    "concat-map" "0.0.1"

"braces@^3.0.2", "braces@~3.0.2":
  "integrity" "sha512-b8um+L1RzM3WDSzvhm6gIz1yfTbBt6YTlcEKAvsmqCZZFw46z626lVj9j1yEPW33H5H+lBQpZMP1k8l+78Ha0A=="
  "resolved" "https://registry.npmjs.org/braces/-/braces-3.0.2.tgz"
  "version" "3.0.2"
  dependencies:
    "fill-range" "^7.0.1"

"buffer-from@^1.0.0":
  "integrity" "sha512-E+XQCRwSbaaiChtv6k6Dwgc+bx+Bs6vuKJHHl5kox/BaKbhiXzqQOwK4cO22yElGp2OCmjwVhT3HmxgyPGnJfQ=="
  "resolved" "https://registry.npmjs.org/buffer-from/-/buffer-from-1.1.2.tgz"
  "version" "1.1.2"

"buffer@^6.0.3":
  "integrity" "sha512-FTiCpNxtwiZZHEZbcbTIcZjERVICn9yq/pDFkTl95/AxzD1naBctN7YO68riM/gLSDY7sdrMby8hofADYuuqOA=="
  "resolved" "https://registry.npmjs.org/buffer/-/buffer-6.0.3.tgz"
  "version" "6.0.3"
  dependencies:
    "base64-js" "^1.3.1"
    "ieee754" "^1.2.1"

"bundle-require@^4.0.0":
  "integrity" "sha512-9NQkRHlNdNpDBGmLpngF3EFDcwodhMUuLz9PaWYciVcQF9SE4LFjM2DB/xV1Li5JiuDMv7ZUWuC3rGbqR0MAXQ=="
  "resolved" "https://registry.npmjs.org/bundle-require/-/bundle-require-4.0.1.tgz"
  "version" "4.0.1"
  dependencies:
    "load-tsconfig" "^0.2.3"

"cac@^6.7.12":
  "integrity" "sha512-b6Ilus+c3RrdDk+JhLKUAQfzzgLEPy6wcXqS7f/xe1EETvsDP6GORG7SFuOs6cID5YkqchW/LXZbX5bc8j7ZcQ=="
  "resolved" "https://registry.npmjs.org/cac/-/cac-6.7.14.tgz"
  "version" "6.7.14"

"chalk@^5.0.0", "chalk@^5.2.0":
  "integrity" "sha512-ree3Gqw/nazQAPuJJEy+avdl7QfZMcUvmHIKgEZkGL+xOBzRvup5Hxo6LHuMceSxOabuJLJm5Yp/92R9eMmMvA=="
  "resolved" "https://registry.npmjs.org/chalk/-/chalk-5.2.0.tgz"
  "version" "5.2.0"

"chokidar@^3.5.1":
  "integrity" "sha512-Dr3sfKRP6oTcjf2JmUmFJfeVMvXBdegxB0iVQ5eb2V10uFJUCAS8OByZdVAyVb8xXNz3GjjTgj9kLWsZTqE6kw=="
  "resolved" "https://registry.npmjs.org/chokidar/-/chokidar-3.5.3.tgz"
  "version" "3.5.3"
  dependencies:
    "anymatch" "~3.1.2"
    "braces" "~3.0.2"
    "glob-parent" "~5.1.2"
    "is-binary-path" "~2.1.0"
    "is-glob" "~4.0.1"
    "normalize-path" "~3.0.0"
    "readdirp" "~3.6.0"
  optionalDependencies:
    "fsevents" "~2.3.2"

"cli-cursor@^4.0.0":
  "integrity" "sha512-VGtlMu3x/4DOtIUwEkRezxUZ2lBacNJCHash0N0WeZDBS+7Ux1dm3XWAgWYxLJFMMdOeXMHXorshEFhbMSGelg=="
  "resolved" "https://registry.npmjs.org/cli-cursor/-/cli-cursor-4.0.0.tgz"
  "version" "4.0.0"
  dependencies:
    "restore-cursor" "^4.0.0"

"cli-spinners@^2.6.1":
  "integrity" "sha512-/eG5sJcvEIwxcdYM86k5tPwn0MUzkX5YY3eImTGpJOZgVe4SdTMY14vQpcxgBzJ0wXwAYrS8E+c3uHeK4JNyzQ=="
  "resolved" "https://registry.npmjs.org/cli-spinners/-/cli-spinners-2.8.0.tgz"
  "version" "2.8.0"

"clipboardy@^3.0.0":
  "integrity" "sha512-Su+uU5sr1jkUy1sGRpLKjKrvEOVXgSgiSInwa/qeID6aJ07yh+5NWc3h2QfjHjBnfX4LhtFcuAWKUsJ3r+fjbg=="
  "resolved" "https://registry.npmjs.org/clipboardy/-/clipboardy-3.0.0.tgz"
  "version" "3.0.0"
  dependencies:
    "arch" "^2.2.0"
    "execa" "^5.1.1"
    "is-wsl" "^2.2.0"

"clone@^1.0.2":
  "integrity" "sha512-JQHZ2QMW6l3aH/j6xCqQThY/9OH4D/9ls34cgkUBiEeocRTU04tHfKPBsUK1PqZCUQM7GiA0IIXJSuXHI64Kbg=="
  "resolved" "https://registry.npmjs.org/clone/-/clone-1.0.4.tgz"
  "version" "1.0.4"

"combined-stream@^1.0.8":
  "integrity" "sha512-FQN4MRfuJeHf7cBbBMJFXhKSDq+2kAArBlmRBvcvFE5BB1HZKXtSFASDhdlz9zOYwxh8lDdnvmMOe/+5cdoEdg=="
  "resolved" "https://registry.npmjs.org/combined-stream/-/combined-stream-1.0.8.tgz"
  "version" "1.0.8"
  dependencies:
    "delayed-stream" "~1.0.0"

"commander@^10.0.1":
  "integrity" "sha512-y4Mg2tXshplEbSGzx7amzPwKKOCGuoSRP/CjEdwwk0FOGlUbq6lKuoyDZTNZkmxHdJtp54hdfY/JUrdL7Xfdug=="
  "resolved" "https://registry.npmjs.org/commander/-/commander-10.0.1.tgz"
  "version" "10.0.1"

"commander@^4.0.0":
  "integrity" "sha512-NOKm8xhkzAjzFx8B2v5OAHT+u5pRQc2UCa2Vq9jYL/31o2wi9mxBA7LIFs3sV5VSC49z6pEhfbMULvShKj26WA=="
  "resolved" "https://registry.npmjs.org/commander/-/commander-4.1.1.tgz"
  "version" "4.1.1"

"concat-map@0.0.1":
  "integrity" "sha512-/Srv4dswyQNBfohGpz9o6Yb3Gz3SrUDqBH5rTuhGR7ahtlbYKnVxw2bCFMRljaA7EXHaXZ8wsHdodFvbkhKmqg=="
  "resolved" "https://registry.npmjs.org/concat-map/-/concat-map-0.0.1.tgz"
  "version" "0.0.1"

"cross-spawn@^7.0.3":
  "integrity" "sha512-iRDPJKUPVEND7dHPO8rkbOnPpyDygcDFtWjpeWNCgy8WP2rXcxXL8TskReQl6OrB2G7+UJrags1q15Fudc7G6w=="
  "resolved" "https://registry.npmjs.org/cross-spawn/-/cross-spawn-7.0.3.tgz"
  "version" "7.0.3"
  dependencies:
    "path-key" "^3.1.0"
    "shebang-command" "^2.0.0"
    "which" "^2.0.1"

"debug@^4.3.1":
  "integrity" "sha512-PRWFHuSU3eDtQJPvnNY7Jcket1j0t5OuOsFzPPzsekD52Zl8qUfFIPEiswXqIvHWGVHOgX+7G/vCNNhehwxfkQ=="
  "resolved" "https://registry.npmjs.org/debug/-/debug-4.3.4.tgz"
  "version" "4.3.4"
  dependencies:
    "ms" "2.1.2"

"defaults@^1.0.3":
  "integrity" "sha512-eFuaLoy/Rxalv2kr+lqMlUnrDWV+3j4pljOIJgLIhI058IQfWJ7vXhyEIHu+HtC738klGALYxOKDO0bQP3tg8A=="
  "resolved" "https://registry.npmjs.org/defaults/-/defaults-1.0.4.tgz"
  "version" "1.0.4"
  dependencies:
    "clone" "^1.0.2"

"delayed-stream@~1.0.0":
  "integrity" "sha512-ZySD7Nf91aLB0RxL4KGrKHBXl7Eds1DAmEdcoVawXnLD7SDhpNgtuII2aAkg7a7QS41jxPSZ17p4VdGnMHk3MQ=="
  "resolved" "https://registry.npmjs.org/delayed-stream/-/delayed-stream-1.0.0.tgz"
  "version" "1.0.0"

"dir-glob@^3.0.1":
  "integrity" "sha512-WkrWp9GR4KXfKGYzOLmTuGVi1UWFfws377n9cc55/tb6DuqyF6pcQ5AbiHEshaDpY9v6oaSr2XCDidGmMwdzIA=="
  "resolved" "https://registry.npmjs.org/dir-glob/-/dir-glob-3.0.1.tgz"
  "version" "3.0.1"
  dependencies:
    "path-type" "^4.0.0"

"dotenv@^16.0.3":
  "integrity" "sha512-7GO6HghkA5fYG9TYnNxi14/7K9f5occMlp3zXAuSxn7CKCxt9xbNWG7yF8hTCSUchlfWSe3uLmlPfigevRItzQ=="
  "resolved" "https://registry.npmjs.org/dotenv/-/dotenv-16.0.3.tgz"
  "version" "16.0.3"

"esbuild@^0.17.6", "esbuild@>=0.17", "esbuild@~0.17.6":
  "integrity" "sha512-z1lix43jBs6UKjcZVKOw2xx69ffE2aG0PygLL5qJ9OS/gy0Ewd1gW/PUQIOIQGXBHWNywSc0floSKoMFF8aK2w=="
  "resolved" "https://registry.npmjs.org/esbuild/-/esbuild-0.17.18.tgz"
  "version" "0.17.18"
  optionalDependencies:
    "@esbuild/android-arm" "0.17.18"
    "@esbuild/android-arm64" "0.17.18"
    "@esbuild/android-x64" "0.17.18"
    "@esbuild/darwin-arm64" "0.17.18"
    "@esbuild/darwin-x64" "0.17.18"
    "@esbuild/freebsd-arm64" "0.17.18"
    "@esbuild/freebsd-x64" "0.17.18"
    "@esbuild/linux-arm" "0.17.18"
    "@esbuild/linux-arm64" "0.17.18"
    "@esbuild/linux-ia32" "0.17.18"
    "@esbuild/linux-loong64" "0.17.18"
    "@esbuild/linux-mips64el" "0.17.18"
    "@esbuild/linux-ppc64" "0.17.18"
    "@esbuild/linux-riscv64" "0.17.18"
    "@esbuild/linux-s390x" "0.17.18"
    "@esbuild/linux-x64" "0.17.18"
    "@esbuild/netbsd-x64" "0.17.18"
    "@esbuild/openbsd-x64" "0.17.18"
    "@esbuild/sunos-x64" "0.17.18"
    "@esbuild/win32-arm64" "0.17.18"
    "@esbuild/win32-ia32" "0.17.18"
    "@esbuild/win32-x64" "0.17.18"

"execa@^5.0.0", "execa@^5.1.1":
  "integrity" "sha512-8uSpZZocAZRBAPIEINJj3Lo9HyGitllczc27Eh5YYojjMFMn8yHMDMaUHE2Jqfq05D/wucwI4JGURyXt1vchyg=="
  "resolved" "https://registry.npmjs.org/execa/-/execa-5.1.1.tgz"
  "version" "5.1.1"
  dependencies:
    "cross-spawn" "^7.0.3"
    "get-stream" "^6.0.0"
    "human-signals" "^2.1.0"
    "is-stream" "^2.0.0"
    "merge-stream" "^2.0.0"
    "npm-run-path" "^4.0.1"
    "onetime" "^5.1.2"
    "signal-exit" "^3.0.3"
    "strip-final-newline" "^2.0.0"

"fast-glob@^3.2.9":
  "integrity" "sha512-DVj4CQIYYow0BlaelwK1pHl5n5cRSJfM60UA0zK891sVInoPri2Ekj7+e1CT3/3qxXenpI+nBBmQAcJPJgaj4w=="
  "resolved" "https://registry.npmjs.org/fast-glob/-/fast-glob-3.2.12.tgz"
  "version" "3.2.12"
  dependencies:
    "@nodelib/fs.stat" "^2.0.2"
    "@nodelib/fs.walk" "^1.2.3"
    "glob-parent" "^5.1.2"
    "merge2" "^1.3.0"
    "micromatch" "^4.0.4"

"fastq@^1.6.0":
  "integrity" "sha512-wBrocU2LCXXa+lWBt8RoIRD89Fi8OdABODa/kEnyeyjS5aZO5/GNvI5sEINADqP/h8M29UHTHUb53sUu5Ihqdw=="
  "resolved" "https://registry.npmjs.org/fastq/-/fastq-1.15.0.tgz"
  "version" "1.15.0"
  dependencies:
    "reusify" "^1.0.4"

"fill-range@^7.0.1":
  "integrity" "sha512-qOo9F+dMUmC2Lcb4BbVvnKJxTPjCm+RRpe4gDuGrzkL7mEVl/djYSu2OdQ2Pa302N4oqkSg9ir6jaLWJ2USVpQ=="
  "resolved" "https://registry.npmjs.org/fill-range/-/fill-range-7.0.1.tgz"
  "version" "7.0.1"
  dependencies:
    "to-regex-range" "^5.0.1"

"follow-redirects@^1.14.8", "follow-redirects@^1.15.0":
  "integrity" "sha512-VQLG33o04KaQ8uYi2tVNbdrWp1QWxNNea+nmIB4EVM28v0hmP17z7aG1+wAkNzVq4KeXTq3221ye5qTJP91JwA=="
  "resolved" "https://registry.npmjs.org/follow-redirects/-/follow-redirects-1.15.2.tgz"
  "version" "1.15.2"

"form-data@^4.0.0":
  "integrity" "sha512-ETEklSGi5t0QMZuiXoA/Q6vcnxcLQP5vdugSpuAyi6SVGi2clPPp+xgEhuMaHC+zGgn31Kd235W35f7Hykkaww=="
  "resolved" "https://registry.npmjs.org/form-data/-/form-data-4.0.0.tgz"
  "version" "4.0.0"
  dependencies:
    "asynckit" "^0.4.0"
    "combined-stream" "^1.0.8"
    "mime-types" "^2.1.12"

"fs.realpath@^1.0.0":
  "integrity" "sha512-OO0pH2lK6a0hZnAdau5ItzHPI6pUlvI7jMVnxUQRtw4owF2wk8lOSabtGDCTP4Ggrg2MbGnWO9X8K1t4+fGMDw=="
  "resolved" "https://registry.npmjs.org/fs.realpath/-/fs.realpath-1.0.0.tgz"
  "version" "1.0.0"

"fsevents@~2.3.2":
  "integrity" "sha512-xiqMQR4xAeHTuB9uWm+fFRcIOgKBMiOBP+eXiyT7jsgVCq1bkVygt00oASowB7EdtpOHaaPgKt812P9ab+DDKA=="
  "resolved" "https://registry.npmjs.org/fsevents/-/fsevents-2.3.2.tgz"
  "version" "2.3.2"

"get-stream@^6.0.0":
  "integrity" "sha512-ts6Wi+2j3jQjqi70w5AlN8DFnkSwC+MqmxEzdEALB2qXZYV3X/b1CTfgPLGJNMeAWxdPfU8FO1ms3NUfaHCPYg=="
  "resolved" "https://registry.npmjs.org/get-stream/-/get-stream-6.0.1.tgz"
  "version" "6.0.1"

"get-tsconfig@^4.4.0":
  "integrity" "sha512-MjhiaIWCJ1sAU4pIQ5i5OfOuHHxVo1oYeNsWTON7jxYkod8pHocXeh+SSbmu5OZZZK73B6cbJ2XADzXehLyovQ=="
  "resolved" "https://registry.npmjs.org/get-tsconfig/-/get-tsconfig-4.5.0.tgz"
  "version" "4.5.0"

"glob-parent@^5.1.2", "glob-parent@~5.1.2":
  "integrity" "sha512-AOIgSQCepiJYwP3ARnGx+5VnTu2HBYdzbGP45eLw1vr3zB3vZLeyed1sC9hnbcOc9/SrMyM5RPQrkGz4aS9Zow=="
  "resolved" "https://registry.npmjs.org/glob-parent/-/glob-parent-5.1.2.tgz"
  "version" "5.1.2"
  dependencies:
    "is-glob" "^4.0.1"

"glob@7.1.6":
  "integrity" "sha512-LwaxwyZ72Lk7vZINtNNrywX0ZuLyStrdDtabefZKAY5ZGJhVtgdznluResxNmPitE0SAO+O26sWTHeKSI2wMBA=="
  "resolved" "https://registry.npmjs.org/glob/-/glob-7.1.6.tgz"
  "version" "7.1.6"
  dependencies:
    "fs.realpath" "^1.0.0"
    "inflight" "^1.0.4"
    "inherits" "2"
    "minimatch" "^3.0.4"
    "once" "^1.3.0"
    "path-is-absolute" "^1.0.0"

"globby@^11.0.3":
  "integrity" "sha512-jhIXaOzy1sb8IyocaruWSn1TjmnBVs8Ayhcy83rmxNJ8q2uWKCAj3CnJY+KpGSXCueAPc0i05kVvVKtP1t9S3g=="
  "resolved" "https://registry.npmjs.org/globby/-/globby-11.1.0.tgz"
  "version" "11.1.0"
  dependencies:
    "array-union" "^2.1.0"
    "dir-glob" "^3.0.1"
    "fast-glob" "^3.2.9"
    "ignore" "^5.2.0"
    "merge2" "^1.4.1"
    "slash" "^3.0.0"

"human-signals@^2.1.0":
  "integrity" "sha512-B4FFZ6q/T2jhhksgkbEW3HBvWIfDW85snkQgawt07S7J5QXTk6BkNV+0yAeZrM5QpMAdYlocGoljn0sJ/WQkFw=="
  "resolved" "https://registry.npmjs.org/human-signals/-/human-signals-2.1.0.tgz"
  "version" "2.1.0"

"ieee754@^1.2.1":
  "integrity" "sha512-dcyqhDvX1C46lXZcVqCpK+FtMRQVdIMN6/Df5js2zouUsqG7I6sFxitIC+7KYK29KdXOLHdu9zL4sFnoVQnqaA=="
  "resolved" "https://registry.npmjs.org/ieee754/-/ieee754-1.2.1.tgz"
  "version" "1.2.1"

"ignore@^5.2.0":
  "integrity" "sha512-MAb38BcSbH0eHNBxn7ql2NH/kX33OkB3lZ1BNdh7ENeRChHTYsTvWrMubiIAMNS2llXEEgZ1MUOBtXChP3kaFQ=="
  "resolved" "https://registry.npmjs.org/ignore/-/ignore-5.2.4.tgz"
  "version" "5.2.4"

"inflight@^1.0.4":
  "integrity" "sha512-k92I/b08q4wvFscXCLvqfsHCrjrF7yiXsQuIVvVE7N82W3+aqpzuUdBbfhWcy/FZR3/4IgflMgKLOsvPDrGCJA=="
  "resolved" "https://registry.npmjs.org/inflight/-/inflight-1.0.6.tgz"
  "version" "1.0.6"
  dependencies:
    "once" "^1.3.0"
    "wrappy" "1"

"inherits@^2.0.3", "inherits@^2.0.4", "inherits@2":
  "integrity" "sha512-k/vGaX4/Yla3WzyMCvTQOXYeIHvqOKtnqBduzTHpzpQZzAskKMhZ2K+EnBiSM9zGSoIFeMpXKxa4dYeZIQqewQ=="
  "resolved" "https://registry.npmjs.org/inherits/-/inherits-2.0.4.tgz"
  "version" "2.0.4"

"is-binary-path@~2.1.0":
  "integrity" "sha512-ZMERYes6pDydyuGidse7OsHxtbI7WVeUEozgR/g7rd0xUimYNlvZRE/K2MgZTjWy725IfelLeVcEM97mmtRGXw=="
  "resolved" "https://registry.npmjs.org/is-binary-path/-/is-binary-path-2.1.0.tgz"
  "version" "2.1.0"
  dependencies:
    "binary-extensions" "^2.0.0"

"is-docker@^2.0.0":
  "integrity" "sha512-F+i2BKsFrH66iaUFc0woD8sLy8getkwTwtOBjvs56Cx4CgJDeKQeqfz8wAYiSb8JOprWhHH5p77PbmYCvvUuXQ=="
  "resolved" "https://registry.npmjs.org/is-docker/-/is-docker-2.2.1.tgz"
  "version" "2.2.1"

"is-extglob@^2.1.1":
  "integrity" "sha512-SbKbANkN603Vi4jEZv49LeVJMn4yGwsbzZworEoyEiutsN3nJYdbO36zfhGJ6QEDpOZIFkDtnq5JRxmvl3jsoQ=="
  "resolved" "https://registry.npmjs.org/is-extglob/-/is-extglob-2.1.1.tgz"
  "version" "2.1.1"

"is-glob@^4.0.1", "is-glob@~4.0.1":
  "integrity" "sha512-xelSayHH36ZgE7ZWhli7pW34hNbNl8Ojv5KVmkJD4hBdD3th8Tfk9vYasLM+mXWOZhFkgZfxhLSnrwRr4elSSg=="
  "resolved" "https://registry.npmjs.org/is-glob/-/is-glob-4.0.3.tgz"
  "version" "4.0.3"
  dependencies:
    "is-extglob" "^2.1.1"

"is-interactive@^2.0.0":
  "integrity" "sha512-qP1vozQRI+BMOPcjFzrjXuQvdak2pHNUMZoeG2eRbiSqyvbEf/wQtEOTOX1guk6E3t36RkaqiSt8A/6YElNxLQ=="
  "resolved" "https://registry.npmjs.org/is-interactive/-/is-interactive-2.0.0.tgz"
  "version" "2.0.0"

"is-number@^7.0.0":
  "integrity" "sha512-41Cifkg6e8TylSpdtTpeLVMqvSBEVzTttHvERD741+pnZ8ANv0004MRL43QKPDlK9cGvNp6NZWZUBlbGXYxxng=="
  "resolved" "https://registry.npmjs.org/is-number/-/is-number-7.0.0.tgz"
  "version" "7.0.0"

"is-stream@^2.0.0":
  "integrity" "sha512-hFoiJiTl63nn+kstHGBtewWSKnQLpyb155KHheA1l39uvtO9nWIop1p3udqPcUd/xbF1VLMO4n7OI6p7RbngDg=="
  "resolved" "https://registry.npmjs.org/is-stream/-/is-stream-2.0.1.tgz"
  "version" "2.0.1"

"is-unicode-supported@^1.1.0":
  "integrity" "sha512-43r2mRvz+8JRIKnWJ+3j8JtjRKZ6GmjzfaE/qiBJnikNnYv/6bagRJ1kUhNk8R5EX/GkobD+r+sfxCPJsiKBLQ=="
  "resolved" "https://registry.npmjs.org/is-unicode-supported/-/is-unicode-supported-1.3.0.tgz"
  "version" "1.3.0"

"is-wsl@^2.2.0":
  "integrity" "sha512-fKzAra0rGJUUBwGBgNkHZuToZcn+TtXHpeCgmkMJMMYx1sQDYaCSyjJBSCa2nH1DGm7s3n1oBnohoVTBaN7Lww=="
  "resolved" "https://registry.npmjs.org/is-wsl/-/is-wsl-2.2.0.tgz"
  "version" "2.2.0"
  dependencies:
    "is-docker" "^2.0.0"

"isexe@^2.0.0":
  "integrity" "sha512-RHxMLp9lnKHGHRng9QFhRCMbYAcVpn69smSGcq3f36xjgVVWThj4qqLbTLlq7Ssj8B+fIQ1EuCEGI2lKsyQeIw=="
  "resolved" "https://registry.npmjs.org/isexe/-/isexe-2.0.0.tgz"
  "version" "2.0.0"

"joycon@^3.0.1":
  "integrity" "sha512-34wB/Y7MW7bzjKRjUKTa46I2Z7eV62Rkhva+KkopW7Qvv/OSWBqvkSY7vusOPrNuZcUG3tApvdVgNB8POj3SPw=="
  "resolved" "https://registry.npmjs.org/joycon/-/joycon-3.1.1.tgz"
  "version" "3.1.1"

"lilconfig@^2.0.5":
  "integrity" "sha512-utWOt/GHzuUxnLKxB6dk81RoOeoNeHgbrXiuGk4yyF5qlRz+iIVWu56E2fqGHFrXz0QNUhLB/8nKqvRH66JKGQ=="
  "resolved" "https://registry.npmjs.org/lilconfig/-/lilconfig-2.1.0.tgz"
  "version" "2.1.0"

"lines-and-columns@^1.1.6":
  "integrity" "sha512-7ylylesZQ/PV29jhEDl3Ufjo6ZX7gCqJr5F7PKrqc93v7fzSymt1BpwEU8nAUXs8qzzvqhbjhK5QZg6Mt/HkBg=="
  "resolved" "https://registry.npmjs.org/lines-and-columns/-/lines-and-columns-1.2.4.tgz"
  "version" "1.2.4"

"load-tsconfig@^0.2.3":
  "integrity" "sha512-IXO6OCs9yg8tMKzfPZ1YmheJbZCiEsnBdcB03l0OcfK9prKnJb96siuHCr5Fl37/yo9DnKU+TLpxzTUspw9shg=="
  "resolved" "https://registry.npmjs.org/load-tsconfig/-/load-tsconfig-0.2.5.tgz"
  "version" "0.2.5"

"lodash.sortby@^4.7.0":
  "integrity" "sha512-HDWXG8isMntAyRF5vZ7xKuEvOhT4AhlRt/3czTSjvGUxjYCBVRQY48ViDHyfYz9VIoBkW4TMGQNapx+l3RUwdA=="
  "resolved" "https://registry.npmjs.org/lodash.sortby/-/lodash.sortby-4.7.0.tgz"
  "version" "4.7.0"

"log-symbols@^5.1.0":
  "integrity" "sha512-l0x2DvrW294C9uDCoQe1VSU4gf529FkSZ6leBl4TiqZH/e+0R7hSfHQBNut2mNygDgHwvYHfFLn6Oxb3VWj2rA=="
  "resolved" "https://registry.npmjs.org/log-symbols/-/log-symbols-5.1.0.tgz"
  "version" "5.1.0"
  dependencies:
    "chalk" "^5.0.0"
    "is-unicode-supported" "^1.1.0"

"merge-stream@^2.0.0":
  "integrity" "sha512-abv/qOcuPfk3URPfDzmZU1LKmuw8kT+0nIHvKrKgFrwifol/doWcdA4ZqsWQ8ENrFKkd67Mfpo/LovbIUsbt3w=="
  "resolved" "https://registry.npmjs.org/merge-stream/-/merge-stream-2.0.0.tgz"
  "version" "2.0.0"

"merge2@^1.3.0", "merge2@^1.4.1":
  "integrity" "sha512-8q7VEgMJW4J8tcfVPy8g09NcQwZdbwFEqhe/WZkoIzjn/3TGDwtOCYtXGxA3O8tPzpczCCDgv+P2P5y00ZJOOg=="
  "resolved" "https://registry.npmjs.org/merge2/-/merge2-1.4.1.tgz"
  "version" "1.4.1"

"micromatch@^4.0.4":
  "integrity" "sha512-DMy+ERcEW2q8Z2Po+WNXuw3c5YaUSFjAO5GsJqfEl7UjvtIuFKO6ZrKvcItdy98dwFI2N1tg3zNIdKaQT+aNdA=="
  "resolved" "https://registry.npmjs.org/micromatch/-/micromatch-4.0.5.tgz"
  "version" "4.0.5"
  dependencies:
    "braces" "^3.0.2"
    "picomatch" "^2.3.1"

"mime-db@1.52.0":
  "integrity" "sha512-sPU4uV7dYlvtWJxwwxHD0PuihVNiE7TyAbQ5SWxDCB9mUYvOgroQOwYQQOKPJ8CIbE+1ETVlOoK1UC2nU3gYvg=="
  "resolved" "https://registry.npmjs.org/mime-db/-/mime-db-1.52.0.tgz"
  "version" "1.52.0"

"mime-types@^2.1.12":
  "integrity" "sha512-ZDY+bPm5zTTF+YpCrAU9nK0UgICYPT0QtT1NZWFv4s++TNkcgVaT0g6+4R2uI4MjQjzysHB1zxuWL50hzaeXiw=="
  "resolved" "https://registry.npmjs.org/mime-types/-/mime-types-2.1.35.tgz"
  "version" "2.1.35"
  dependencies:
    "mime-db" "1.52.0"

"mimic-fn@^2.1.0":
  "integrity" "sha512-OqbOk5oEQeAZ8WXWydlu9HJjz9WVdEIvamMCcXmuqUYjTknH/sqsWvhQ3vgwKFRR1HpjvNBKQ37nbJgYzGqGcg=="
  "resolved" "https://registry.npmjs.org/mimic-fn/-/mimic-fn-2.1.0.tgz"
  "version" "2.1.0"

"minimatch@^3.0.4":
  "integrity" "sha512-J7p63hRiAjw1NDEww1W7i37+ByIrOWO5XQQAzZ3VOcL0PNybwpfmV/N05zFAzwQ9USyEcX6t3UO+K5aqBQOIHw=="
  "resolved" "https://registry.npmjs.org/minimatch/-/minimatch-3.1.2.tgz"
  "version" "3.1.2"
  dependencies:
    "brace-expansion" "^1.1.7"

"ms@2.1.2":
  "integrity" "sha512-sGkPx+VjMtmA6MX27oA4FBFELFCZZ4S4XqeGOXCv68tT+jb3vk/RyaKWP0PTKyWtmLSM0b+adUTEvbs1PEaH2w=="
  "resolved" "https://registry.npmjs.org/ms/-/ms-2.1.2.tgz"
  "version" "2.1.2"

"mz@^2.7.0":
  "integrity" "sha512-z81GNO7nnYMEhrGh9LeymoE4+Yr0Wn5McHIZMK5cfQCl+NDX08sCZgUc9/6MHni9IWuFLm1Z3HTCXu2z9fN62Q=="
  "resolved" "https://registry.npmjs.org/mz/-/mz-2.7.0.tgz"
  "version" "2.7.0"
  dependencies:
    "any-promise" "^1.0.0"
    "object-assign" "^4.0.1"
    "thenify-all" "^1.0.0"

"normalize-path@^3.0.0", "normalize-path@~3.0.0":
  "integrity" "sha512-6eZs5Ls3WtCisHWp9S2GUy8dqkpGi4BVSz3GaqiE6ezub0512ESztXUwUB6C6IKbQkY2Pnb/mD4WYojCRwcwLA=="
  "resolved" "https://registry.npmjs.org/normalize-path/-/normalize-path-3.0.0.tgz"
  "version" "3.0.0"

"npm-run-path@^4.0.1":
  "integrity" "sha512-S48WzZW777zhNIrn7gxOlISNAqi9ZC/uQFnRdbeIHhZhCA6UqpkOT8T1G7BvfdgP4Er8gF4sUbaS0i7QvIfCWw=="
  "resolved" "https://registry.npmjs.org/npm-run-path/-/npm-run-path-4.0.1.tgz"
  "version" "4.0.1"
  dependencies:
    "path-key" "^3.0.0"

"object-assign@^4.0.1":
  "integrity" "sha512-rJgTQnkUnH1sFw8yT6VSU3zD3sWmu6sZhIseY8VX+GRu3P6F7Fu+JNDoXfklElbLJSnc3FUQHVe4cU5hj+BcUg=="
  "resolved" "https://registry.npmjs.org/object-assign/-/object-assign-4.1.1.tgz"
  "version" "4.1.1"

"once@^1.3.0":
  "integrity" "sha512-lNaJgI+2Q5URQBkccEKHTQOPaXdUxnZZElQTZY0MFUAuaEqe1E+Nyvgdz/aIyNi6Z9MzO5dv1H8n58/GELp3+w=="
  "resolved" "https://registry.npmjs.org/once/-/once-1.4.0.tgz"
  "version" "1.4.0"
  dependencies:
    "wrappy" "1"

"onetime@^5.1.0", "onetime@^5.1.2":
  "integrity" "sha512-kbpaSSGJTWdAY5KPVeMOKXSrPtr8C8C7wodJbcsd51jRnmD+GZu8Y0VoU6Dm5Z4vWr0Ig/1NKuWRKf7j5aaYSg=="
  "resolved" "https://registry.npmjs.org/onetime/-/onetime-5.1.2.tgz"
  "version" "5.1.2"
  dependencies:
    "mimic-fn" "^2.1.0"

"openai@^3.2.1":
  "integrity" "sha512-762C9BNlJPbjjlWZi4WYK9iM2tAVAv0uUp1UmI34vb0CN5T2mjB/qM6RYBmNKMh/dN9fC+bxqPwWJZUTWW052A=="
  "resolved" "https://registry.npmjs.org/openai/-/openai-3.2.1.tgz"
  "version" "3.2.1"
  dependencies:
    "axios" "^0.26.0"
    "form-data" "^4.0.0"

"ora@^6.3.0":
  "integrity" "sha512-1/D8uRFY0ay2kgBpmAwmSA404w4OoPVhHMqRqtjvrcK/dnzcEZxMJ+V4DUbyICu8IIVRclHcOf5wlD1tMY4GUQ=="
  "resolved" "https://registry.npmjs.org/ora/-/ora-6.3.0.tgz"
  "version" "6.3.0"
  dependencies:
    "chalk" "^5.0.0"
    "cli-cursor" "^4.0.0"
    "cli-spinners" "^2.6.1"
    "is-interactive" "^2.0.0"
    "is-unicode-supported" "^1.1.0"
    "log-symbols" "^5.1.0"
    "stdin-discarder" "^0.1.0"
    "strip-ansi" "^7.0.1"
    "wcwidth" "^1.0.1"

"path-is-absolute@^1.0.0":
  "integrity" "sha512-AVbw3UJ2e9bq64vSaS9Am0fje1Pa8pbGqTTsmXfaIiMpnr5DlDhfJOuLj9Sf95ZPVDAUerDfEk88MPmPe7UCQg=="
  "resolved" "https://registry.npmjs.org/path-is-absolute/-/path-is-absolute-1.0.1.tgz"
  "version" "1.0.1"

"path-key@^3.0.0", "path-key@^3.1.0":
  "integrity" "sha512-ojmeN0qd+y0jszEtoY48r0Peq5dwMEkIlCOu6Q5f41lfkswXuKtYrhgoTpLnyIcHm24Uhqx+5Tqm2InSwLhE6Q=="
  "resolved" "https://registry.npmjs.org/path-key/-/path-key-3.1.1.tgz"
  "version" "3.1.1"

"path-type@^4.0.0":
  "integrity" "sha512-gDKb8aZMDeD/tZWs9P6+q0J9Mwkdl6xMV8TjnGP3qJVJ06bdMgkbBlLU8IdfOsIsFz2BW1rNVT3XuNEl8zPAvw=="
  "resolved" "https://registry.npmjs.org/path-type/-/path-type-4.0.0.tgz"
  "version" "4.0.0"

"picomatch@^2.0.4", "picomatch@^2.2.1", "picomatch@^2.3.1":
  "integrity" "sha512-JU3teHTNjmE2VCGFzuY8EXzCDVwEqB2a8fsIvwaStHhAWJEeVd1o1QD80CU6+ZdEXXSLbSsuLwJjkCBWqRQUVA=="
  "resolved" "https://registry.npmjs.org/picomatch/-/picomatch-2.3.1.tgz"
  "version" "2.3.1"

"pirates@^4.0.1":
  "integrity" "sha512-8V9+HQPupnaXMA23c5hvl69zXvTwTzyAYasnkb0Tts4XvO4CliqONMOnvlq26rkhLC3nWDFBJf73LU1e1VZLaQ=="
  "resolved" "https://registry.npmjs.org/pirates/-/pirates-4.0.5.tgz"
  "version" "4.0.5"

"postcss-load-config@^3.0.1":
  "integrity" "sha512-6DiM4E7v4coTE4uzA8U//WhtPwyhiim3eyjEMFCnUpzbrkK9wJHgKDT2mR+HbtSrd/NubVaYTOpSpjUl8NQeRg=="
  "resolved" "https://registry.npmjs.org/postcss-load-config/-/postcss-load-config-3.1.4.tgz"
  "version" "3.1.4"
  dependencies:
    "lilconfig" "^2.0.5"
    "yaml" "^1.10.2"

"prettier@^2.8.7":
  "integrity" "sha512-tdN8qQGvNjw4CHbY+XXk0JgCXn9QiF21a55rBe5LJAU+kDyC4WQn4+awm2Xfk2lQMk5fKup9XgzTZtGkjBdP9Q=="
  "resolved" "https://registry.npmjs.org/prettier/-/prettier-2.8.8.tgz"
  "version" "2.8.8"

"proxy-from-env@^1.1.0":
  "integrity" "sha512-D+zkORCbA9f1tdWRK0RaCR3GPv50cMxcrz4X8k5LTSUD1Dkw47mKJEZQNunItRTkWwgtaUSo1RVFRIG9ZXiFYg=="
  "resolved" "https://registry.npmjs.org/proxy-from-env/-/proxy-from-env-1.1.0.tgz"
  "version" "1.1.0"

"punycode@^2.1.0":
  "integrity" "sha512-rRV+zQD8tVFys26lAGR9WUuS4iUAngJScM+ZRSKtvl5tKeZ2t5bvdNFdNHBW9FWR4guGHlgmsZ1G7BSm2wTbuA=="
  "resolved" "https://registry.npmjs.org/punycode/-/punycode-2.3.0.tgz"
  "version" "2.3.0"

"queue-microtask@^1.2.2":
  "integrity" "sha512-NuaNSa6flKT5JaSYQzJok04JzTL1CA6aGhv5rfLW3PgqA+M2ChpZQnAC8h8i4ZFkBS8X5RqkDBHA7r4hej3K9A=="
  "resolved" "https://registry.npmjs.org/queue-microtask/-/queue-microtask-1.2.3.tgz"
  "version" "1.2.3"

"readable-stream@^3.4.0":
  "integrity" "sha512-9u/sniCrY3D5WdsERHzHE4G2YCXqoG5FTHUiCC4SIbr6XcLZBY05ya9EKjYek9O5xOAwjGq+1JdGBAS7Q9ScoA=="
  "resolved" "https://registry.npmjs.org/readable-stream/-/readable-stream-3.6.2.tgz"
  "version" "3.6.2"
  dependencies:
    "inherits" "^2.0.3"
    "string_decoder" "^1.1.1"
    "util-deprecate" "^1.0.1"

"readdirp@~3.6.0":
  "integrity" "sha512-hOS089on8RduqdbhvQ5Z37A0ESjsqz6qnRcffsMU3495FuTdqSm+7bhJ29JvIOsBDEEnan5DPu9t3To9VRlMzA=="
  "resolved" "https://registry.npmjs.org/readdirp/-/readdirp-3.6.0.tgz"
  "version" "3.6.0"
  dependencies:
    "picomatch" "^2.2.1"

"resolve-from@^5.0.0":
  "integrity" "sha512-qYg9KP24dD5qka9J47d0aVky0N+b4fTU89LN9iDnjB5waksiC49rvMB0PrUJQGoTmH50XPiqOvAjDfaijGxYZw=="
  "resolved" "https://registry.npmjs.org/resolve-from/-/resolve-from-5.0.0.tgz"
  "version" "5.0.0"

"restore-cursor@^4.0.0":
  "integrity" "sha512-I9fPXU9geO9bHOt9pHHOhOkYerIMsmVaWB0rA2AI9ERh/+x/i7MV5HKBNrg+ljO5eoPVgCcnFuRjJ9uH6I/3eg=="
  "resolved" "https://registry.npmjs.org/restore-cursor/-/restore-cursor-4.0.0.tgz"
  "version" "4.0.0"
  dependencies:
    "onetime" "^5.1.0"
    "signal-exit" "^3.0.2"

"reusify@^1.0.4":
  "integrity" "sha512-U9nH88a3fc/ekCF1l0/UP1IosiuIjyTh7hBvXVMHYgVcfGvt897Xguj2UOLDeI5BG2m7/uwyaLVT6fbtCwTyzw=="
  "resolved" "https://registry.npmjs.org/reusify/-/reusify-1.0.4.tgz"
  "version" "1.0.4"

"rollup@^3.2.5":
  "integrity" "sha512-a4NTKS4u9PusbUJcfF4IMxuqjFzjm6ifj76P54a7cKnvVzJaG12BLVR+hgU2YDGHzyMMQNxLAZWuALsn8q2oQg=="
  "resolved" "https://registry.npmjs.org/rollup/-/rollup-3.21.5.tgz"
  "version" "3.21.5"
  optionalDependencies:
    "fsevents" "~2.3.2"

"run-parallel@^1.1.9":
  "integrity" "sha512-5l4VyZR86LZ/lDxZTR6jqL8AFE2S0IFLMP26AbjsLVADxHdhB/c0GUsH+y39UfCi3dzz8OlQuPmnaJOMoDHQBA=="
  "resolved" "https://registry.npmjs.org/run-parallel/-/run-parallel-1.2.0.tgz"
  "version" "1.2.0"
  dependencies:
    "queue-microtask" "^1.2.2"

"safe-buffer@~5.2.0":
  "integrity" "sha512-rp3So07KcdmmKbGvgaNxQSJr7bGVSVk5S9Eq1F+ppbRo70+YeaDxkw5Dd8NPN+GD6bjnYm2VuPuCXmpuYvmCXQ=="
  "resolved" "https://registry.npmjs.org/safe-buffer/-/safe-buffer-5.2.1.tgz"
  "version" "5.2.1"

"shebang-command@^2.0.0":
  "integrity" "sha512-kHxr2zZpYtdmrN1qDjrrX/Z1rR1kG8Dx+gkpK1G4eXmvXswmcE1hTWBWYUzlraYw1/yZp6YuDY77YtvbN0dmDA=="
  "resolved" "https://registry.npmjs.org/shebang-command/-/shebang-command-2.0.0.tgz"
  "version" "2.0.0"
  dependencies:
    "shebang-regex" "^3.0.0"

"shebang-regex@^3.0.0":
  "integrity" "sha512-7++dFhtcx3353uBaq8DDR4NuxBetBzC7ZQOhmTQInHEd6bSrXdiEyzCvG07Z44UYdLShWUyXt5M/yhz8ekcb1A=="
  "resolved" "https://registry.npmjs.org/shebang-regex/-/shebang-regex-3.0.0.tgz"
  "version" "3.0.0"

"signal-exit@^3.0.2", "signal-exit@^3.0.3":
  "integrity" "sha512-wnD2ZE+l+SPC/uoS0vXeE9L1+0wuaMqKlfz9AMUo38JsyLSBWSFcHR1Rri62LZc12vLr1gb3jl7iwQhgwpAbGQ=="
  "resolved" "https://registry.npmjs.org/signal-exit/-/signal-exit-3.0.7.tgz"
  "version" "3.0.7"

"slash@^3.0.0":
  "integrity" "sha512-g9Q1haeby36OSStwb4ntCGGGaKsaVSjQ68fBxoQcutl5fS1vuY18H3wSt3jFyFtrkx+Kz0V1G85A4MyAdDMi2Q=="
  "resolved" "https://registry.npmjs.org/slash/-/slash-3.0.0.tgz"
  "version" "3.0.0"

"source-map-support@^0.5.21":
  "integrity" "sha512-uBHU3L3czsIyYXKX88fdrGovxdSCoTGDRZ6SYXtSRxLZUzHg5P/66Ht6uoUlHu9EZod+inXhKo3qQgwXUT/y1w=="
  "resolved" "https://registry.npmjs.org/source-map-support/-/source-map-support-0.5.21.tgz"
  "version" "0.5.21"
  dependencies:
    "buffer-from" "^1.0.0"
    "source-map" "^0.6.0"

"source-map@^0.6.0":
  "integrity" "sha512-UjgapumWlbMhkBgzT7Ykc5YXUT46F0iKu8SGXq0bcwP5dz/h0Plj6enJqjz1Zbq2l5WaqYnrVbwWOWMyF3F47g=="
  "resolved" "https://registry.npmjs.org/source-map/-/source-map-0.6.1.tgz"
  "version" "0.6.1"

"source-map@0.8.0-beta.0":
  "integrity" "sha512-2ymg6oRBpebeZi9UUNsgQ89bhx01TcTkmNTGnNO88imTmbSgy4nfujrgVEFKWpMTEGA11EDkTt7mqObTPdigIA=="
  "resolved" "https://registry.npmjs.org/source-map/-/source-map-0.8.0-beta.0.tgz"
  "version" "0.8.0-beta.0"
  dependencies:
    "whatwg-url" "^7.0.0"

"stdin-discarder@^0.1.0":
  "integrity" "sha512-xhV7w8S+bUwlPTb4bAOUQhv8/cSS5offJuX8GQGq32ONF0ZtDWKfkdomM3HMRA+LhX6um/FZ0COqlwsjD53LeQ=="
  "resolved" "https://registry.npmjs.org/stdin-discarder/-/stdin-discarder-0.1.0.tgz"
  "version" "0.1.0"
  dependencies:
    "bl" "^5.0.0"

"string_decoder@^1.1.1":
  "integrity" "sha512-hkRX8U1WjJFd8LsDJ2yQ/wWWxaopEsABU1XfkM8A+j0+85JAGppt16cr1Whg6KIbb4okU6Mql6BOj+uup/wKeA=="
  "resolved" "https://registry.npmjs.org/string_decoder/-/string_decoder-1.3.0.tgz"
  "version" "1.3.0"
  dependencies:
    "safe-buffer" "~5.2.0"

"strip-ansi@^7.0.1":
  "integrity" "sha512-cXNxvT8dFNRVfhVME3JAe98mkXDYN2O1l7jmcwMnOslDeESg1rF/OZMtK0nRAhiari1unG5cD4jG3rapUAkLbw=="
  "resolved" "https://registry.npmjs.org/strip-ansi/-/strip-ansi-7.0.1.tgz"
  "version" "7.0.1"
  dependencies:
    "ansi-regex" "^6.0.1"

"strip-final-newline@^2.0.0":
  "integrity" "sha512-BrpvfNAE3dcvq7ll3xVumzjKjZQ5tI1sEUIKr3Uoks0XUl45St3FlatVqef9prk4jRDzhW6WZg+3bk93y6pLjA=="
  "resolved" "https://registry.npmjs.org/strip-final-newline/-/strip-final-newline-2.0.0.tgz"
  "version" "2.0.0"

"sucrase@^3.20.3":
  "integrity" "sha512-ydQOU34rpSyj2TGyz4D2p8rbktIOZ8QY9s+DGLvFU1i5pWJE8vkpruCjGCMHsdXwnD7JDcS+noSwM/a7zyNFDQ=="
  "resolved" "https://registry.npmjs.org/sucrase/-/sucrase-3.32.0.tgz"
  "version" "3.32.0"
  dependencies:
    "@jridgewell/gen-mapping" "^0.3.2"
    "commander" "^4.0.0"
    "glob" "7.1.6"
    "lines-and-columns" "^1.1.6"
    "mz" "^2.7.0"
    "pirates" "^4.0.1"
    "ts-interface-checker" "^0.1.9"

"thenify-all@^1.0.0":
  "integrity" "sha512-RNxQH/qI8/t3thXJDwcstUO4zeqo64+Uy/+sNVRBx4Xn2OX+OZ9oP+iJnNFqplFra2ZUVeKCSa2oVWi3T4uVmA=="
  "resolved" "https://registry.npmjs.org/thenify-all/-/thenify-all-1.6.0.tgz"
  "version" "1.6.0"
  dependencies:
    "thenify" ">= 3.1.0 < 4"

"thenify@>= 3.1.0 < 4":
  "integrity" "sha512-RVZSIV5IG10Hk3enotrhvz0T9em6cyHBLkH/YAZuKqd8hRkKhSfCGIcP2KUY0EPxndzANBmNllzWPwak+bheSw=="
  "resolved" "https://registry.npmjs.org/thenify/-/thenify-3.3.1.tgz"
  "version" "3.3.1"
  dependencies:
    "any-promise" "^1.0.0"

"to-regex-range@^5.0.1":
  "integrity" "sha512-65P7iz6X5yEr1cwcgvQxbbIw7Uk3gOy5dIdtZ4rDveLqhrdJP+Li/Hx6tyK0NEb+2GCyneCMJiGqrADCSNk8sQ=="
  "resolved" "https://registry.npmjs.org/to-regex-range/-/to-regex-range-5.0.1.tgz"
  "version" "5.0.1"
  dependencies:
    "is-number" "^7.0.0"

"tr46@^1.0.1":
  "integrity" "sha512-dTpowEjclQ7Kgx5SdBkqRzVhERQXov8/l9Ft9dVM9fmg0W0KQSVaXX9T4i6twCPNtYiZM53lpSSUAwJbFPOHxA=="
  "resolved" "https://registry.npmjs.org/tr46/-/tr46-1.0.1.tgz"
  "version" "1.0.1"
  dependencies:
    "punycode" "^2.1.0"

"tree-kill@^1.2.2":
  "integrity" "sha512-L0Orpi8qGpRG//Nd+H90vFB+3iHnue1zSSGmNOOCh1GLJ7rUKVwV2HvijphGQS2UmhUZewS9VgvxYIdgr+fG1A=="
  "resolved" "https://registry.npmjs.org/tree-kill/-/tree-kill-1.2.2.tgz"
  "version" "1.2.2"

"ts-interface-checker@^0.1.9":
  "integrity" "sha512-Y/arvbn+rrz3JCKl9C4kVNfTfSm2/mEp5FSz5EsZSANGPSlQrpRI5M4PKF+mJnE52jOO90PnPSc3Ur3bTQw0gA=="
  "resolved" "https://registry.npmjs.org/ts-interface-checker/-/ts-interface-checker-0.1.13.tgz"
  "version" "0.1.13"

"tsup@^6.7.0":
  "integrity" "sha512-L3o8hGkaHnu5TdJns+mCqFsDBo83bJ44rlK7e6VdanIvpea4ArPcU3swWGsLVbXak1PqQx/V+SSmFPujBK+zEQ=="
  "resolved" "https://registry.npmjs.org/tsup/-/tsup-6.7.0.tgz"
  "version" "6.7.0"
  dependencies:
    "bundle-require" "^4.0.0"
    "cac" "^6.7.12"
    "chokidar" "^3.5.1"
    "debug" "^4.3.1"
    "esbuild" "^0.17.6"
    "execa" "^5.0.0"
    "globby" "^11.0.3"
    "joycon" "^3.0.1"
    "postcss-load-config" "^3.0.1"
    "resolve-from" "^5.0.0"
    "rollup" "^3.2.5"
    "source-map" "0.8.0-beta.0"
    "sucrase" "^3.20.3"
    "tree-kill" "^1.2.2"

"tsx@^3.12.6":
  "integrity" "sha512-q93WgS3lBdHlPgS0h1i+87Pt6n9K/qULIMNYZo07nSeu2z5QE2CellcAZfofVXBo2tQg9av2ZcRMQ2S2i5oadQ=="
  "resolved" "https://registry.npmjs.org/tsx/-/tsx-3.12.6.tgz"
  "version" "3.12.6"
  dependencies:
    "@esbuild-kit/cjs-loader" "^2.4.2"
    "@esbuild-kit/core-utils" "^3.0.0"
    "@esbuild-kit/esm-loader" "^2.5.5"
  optionalDependencies:
    "fsevents" "~2.3.2"

"typescript@^5.0.4", "typescript@>=4.1.0":
  "integrity" "sha512-cW9T5W9xY37cc+jfEnaUvX91foxtHkza3Nw3wkoF4sSlKn0MONdkdEndig/qPBWXNkmplh3NzayQzCiHM4/hqw=="
  "resolved" "https://registry.npmjs.org/typescript/-/typescript-5.0.4.tgz"
  "version" "5.0.4"

"util-deprecate@^1.0.1":
  "integrity" "sha512-EPD5q1uXyFxJpCrLnCc1nHnq3gOa6DZBocAIiI2TaSCA7VCJ1UJDMagCzIkXNsUYfD1daK//LTEQ8xiIbrHtcw=="
  "resolved" "https://registry.npmjs.org/util-deprecate/-/util-deprecate-1.0.2.tgz"
  "version" "1.0.2"

"wcwidth@^1.0.1":
  "integrity" "sha512-XHPEwS0q6TaxcvG85+8EYkbiCux2XtWG2mkc47Ng2A77BQu9+DqIOJldST4HgPkuea7dvKSj5VgX3P1d4rW8Tg=="
  "resolved" "https://registry.npmjs.org/wcwidth/-/wcwidth-1.0.1.tgz"
  "version" "1.0.1"
  dependencies:
    "defaults" "^1.0.3"

"webidl-conversions@^4.0.2":
  "integrity" "sha512-YQ+BmxuTgd6UXZW3+ICGfyqRyHXVlD5GtQr5+qjiNW7bF0cqrzX500HVXPBOvgXb5YnzDd+h0zqyv61KUD7+Sg=="
  "resolved" "https://registry.npmjs.org/webidl-conversions/-/webidl-conversions-4.0.2.tgz"
  "version" "4.0.2"

"whatwg-url@^7.0.0":
  "integrity" "sha512-WUu7Rg1DroM7oQvGWfOiAK21n74Gg+T4elXEQYkOhtyLeWiJFoOGLXPKI/9gzIie9CtwVLm8wtw6YJdKyxSjeg=="
  "resolved" "https://registry.npmjs.org/whatwg-url/-/whatwg-url-7.1.0.tgz"
  "version" "7.1.0"
  dependencies:
    "lodash.sortby" "^4.7.0"
    "tr46" "^1.0.1"
    "webidl-conversions" "^4.0.2"

"which@^2.0.1":
  "integrity" "sha512-BLI3Tl1TW3Pvl70l3yq3Y64i+awpwXqsGBYWkkqMtnbXgrMD+yj7rhW0kuEDxzJaYXGjEW5ogapKNMEKNMjibA=="
  "resolved" "https://registry.npmjs.org/which/-/which-2.0.2.tgz"
  "version" "2.0.2"
  dependencies:
    "isexe" "^2.0.0"

"wrappy@1":
  "integrity" "sha512-l4Sp/DRseor9wL6EvV2+TuQn63dMkPjZ/sp9XkghTEbV9KlPS1xUsZ3u7/IQO4wxtcFB4bgpQPRcR3QCvezPcQ=="
  "resolved" "https://registry.npmjs.org/wrappy/-/wrappy-1.0.2.tgz"
  "version" "1.0.2"

"yaml@^1.10.2":
  "integrity" "sha512-r3vXyErRCYJ7wg28yvBY5VSoAF8ZvlcW9/BwUzEtUsjvX/DKs24dIkuwjtuprwJJHsbyUbLApepYTR1BN4uHrg=="
  "resolved" "https://registry.npmjs.org/yaml/-/yaml-1.10.2.tgz"
  "version" "1.10.2"
